
Microsoft Visual Studio Solution File, Format Version 12.00
# Visual Studio 14
VisualStudioVersion = 14.0.25420.1
MinimumVisualStudioVersion = 10.0.40219.1
Project("{8BC9CEB8-8B4A-11D0-8D11-00A0C91BC942}") = "bai1", "bai1\bai1.vcxproj", "{C2952189-A9B8-4694-9D0E-A35132DFDC38}"
EndProject
Project("{8BC9CEB8-8B4A-11D0-8D11-00A0C91BC942}") = "Bai2", "Bai2\Bai2.vcxproj", "{E1354348-3999-4EB8-AA89-842A3C410618}"
EndProject
Project("{8BC9CEB8-8B4A-11D0-8D11-00A0C91BC942}") = "Bai3", "Bai3\Bai3.vcxproj", "{76D7E344-42AC-44B0-BCC4-C066A3484270}"
EndProject
Project("{8BC9CEB8-8B4A-11D0-8D11-00A0C91BC942}") = "Bai4", "Bai4\Bai4.vcxproj", "{472A34BA-0A81-4D74-AF18-54A6B91965A8}"
EndProject
Project("{8BC9CEB8-8B4A-11D0-8D11-00A0C91BC942}") = "Bai5", "Bai5\Bai5.vcxproj", "{4651AD47-8A64-464A-864E-293F83B2E47F}"
EndProject
Project("{8BC9CEB8-8B4A-11D0-8D11-00A0C91BC942}") = "Bai6", "Bai6\Bai6.vcxproj", "{4A6647C7-58C2-41B2-BB2B-1F3F8AE3EC14}"
EndProject
Project("{8BC9CEB8-8B4A-11D0-8D11-00A0C91BC942}") = "Bai7", "Bai7\Bai7.vcxproj", "{E20F1F12-5DEE-4BD0-BF16-175613978371}"
EndProject
Project("{8BC9CEB8-8B4A-11D0-8D11-00A0C91BC942}") = "Bai8", "Bai8\Bai8.vcxproj", "{29F49C20-5016-4195-9D6B-43B76267233B}"
EndProject
Project("{8BC9CEB8-8B4A-11D0-8D11-00A0C91BC942}") = "Bai9", "Bai9\Bai9.vcxproj", "{5CF9479A-0F18-46E0-A902-6DA9DCB403B4}"
EndProject
Project("{8BC9CEB8-8B4A-11D0-8D11-00A0C91BC942}") = "Bai10", "Bai10\Bai10.vcxproj", "{1F8AD659-3B79-44AE-9B47-816D7A1F1137}"
EndProject
Project("{8BC9CEB8-8B4A-11D0-8D11-00A0C91BC942}") = "Bai11", "Bai11\Bai11.vcxproj", "{48A7D967-6B18-4B7C-B03C-9DE58F1072FF}"
EndProject
Project("{8BC9CEB8-8B4A-11D0-8D11-00A0C91BC942}") = "Bai12", "Bai12\Bai12.vcxproj", "{8F202A1A-6E1E-44FC-B5DD-4546B86617DD}"
EndProject
Project("{8BC9CEB8-8B4A-11D0-8D11-00A0C91BC942}") = "Bai13", "Bai13\Bai13.vcxproj", "{D4C735E6-6E71-4238-A9FE-4E22EEF95536}"
EndProject
Global
	GlobalSection(SolutionConfigurationPlatforms) = preSolution
		Debug|x64 = Debug|x64
		Debug|x86 = Debug|x86
		Release|x64 = Release|x64
		Release|x86 = Release|x86
	EndGlobalSection
	GlobalSection(ProjectConfigurationPlatforms) = postSolution
		{C2952189-A9B8-4694-9D0E-A35132DFDC38}.Debug|x64.ActiveCfg = Debug|x64
		{C2952189-A9B8-4694-9D0E-A35132DFDC38}.Debug|x64.Build.0 = Debug|x64
		{C2952189-A9B8-4694-9D0E-A35132DFDC38}.Debug|x86.ActiveCfg = Debug|Win32
		{C2952189-A9B8-4694-9D0E-A35132DFDC38}.Debug|x86.Build.0 = Debug|Win32
		{C2952189-A9B8-4694-9D0E-A35132DFDC38}.Release|x64.ActiveCfg = Release|x64
		{C2952189-A9B8-4694-9D0E-A35132DFDC38}.Release|x64.Build.0 = Release|x64
		{C2952189-A9B8-4694-9D0E-A35132DFDC38}.Release|x86.ActiveCfg = Release|Win32
		{C2952189-A9B8-4694-9D0E-A35132DFDC38}.Release|x86.Build.0 = Release|Win32
		{E1354348-3999-4EB8-AA89-842A3C410618}.Debug|x64.ActiveCfg = Debug|x64
		{E1354348-3999-4EB8-AA89-842A3C410618}.Debug|x64.Build.0 = Debug|x64
		{E1354348-3999-4EB8-AA89-842A3C410618}.Debug|x86.ActiveCfg = Debug|Win32
		{E1354348-3999-4EB8-AA89-842A3C410618}.Debug|x86.Build.0 = Debug|Win32
		{E1354348-3999-4EB8-AA89-842A3C410618}.Release|x64.ActiveCfg = Release|x64
		{E1354348-3999-4EB8-AA89-842A3C410618}.Release|x64.Build.0 = Release|x64
		{E1354348-3999-4EB8-AA89-842A3C410618}.Release|x86.ActiveCfg = Release|Win32
		{E1354348-3999-4EB8-AA89-842A3C410618}.Release|x86.Build.0 = Release|Win32
		{76D7E344-42AC-44B0-BCC4-C066A3484270}.Debug|x64.ActiveCfg = Debug|x64
		{76D7E344-42AC-44B0-BCC4-C066A3484270}.Debug|x64.Build.0 = Debug|x64
		{76D7E344-42AC-44B0-BCC4-C066A3484270}.Debug|x86.ActiveCfg = Debug|Win32
		{76D7E344-42AC-44B0-BCC4-C066A3484270}.Debug|x86.Build.0 = Debug|Win32
		{76D7E344-42AC-44B0-BCC4-C066A3484270}.Release|x64.ActiveCfg = Release|x64
		{76D7E344-42AC-44B0-BCC4-C066A3484270}.Release|x64.Build.0 = Release|x64
		{76D7E344-42AC-44B0-BCC4-C066A3484270}.Release|x86.ActiveCfg = Release|Win32
		{76D7E344-42AC-44B0-BCC4-C066A3484270}.Release|x86.Build.0 = Release|Win32
		{472A34BA-0A81-4D74-AF18-54A6B91965A8}.Debug|x64.ActiveCfg = Debug|x64
		{472A34BA-0A81-4D74-AF18-54A6B91965A8}.Debug|x64.Build.0 = Debug|x64
		{472A34BA-0A81-4D74-AF18-54A6B91965A8}.Debug|x86.ActiveCfg = Debug|Win32
		{472A34BA-0A81-4D74-AF18-54A6B91965A8}.Debug|x86.Build.0 = Debug|Win32
		{472A34BA-0A81-4D74-AF18-54A6B91965A8}.Release|x64.ActiveCfg = Release|x64
		{472A34BA-0A81-4D74-AF18-54A6B91965A8}.Release|x64.Build.0 = Release|x64
		{472A34BA-0A81-4D74-AF18-54A6B91965A8}.Release|x86.ActiveCfg = Release|Win32
		{472A34BA-0A81-4D74-AF18-54A6B91965A8}.Release|x86.Build.0 = Release|Win32
		{4651AD47-8A64-464A-864E-293F83B2E47F}.Debug|x64.ActiveCfg = Debug|x64
		{4651AD47-8A64-464A-864E-293F83B2E47F}.Debug|x64.Build.0 = Debug|x64
		{4651AD47-8A64-464A-864E-293F83B2E47F}.Debug|x86.ActiveCfg = Debug|Win32
		{4651AD47-8A64-464A-864E-293F83B2E47F}.Debug|x86.Build.0 = Debug|Win32
		{4651AD47-8A64-464A-864E-293F83B2E47F}.Release|x64.ActiveCfg = Release|x64
		{4651AD47-8A64-464A-864E-293F83B2E47F}.Release|x64.Build.0 = Release|x64
		{4651AD47-8A64-464A-864E-293F83B2E47F}.Release|x86.ActiveCfg = Release|Win32
		{4651AD47-8A64-464A-864E-293F83B2E47F}.Release|x86.Build.0 = Release|Win32
		{4A6647C7-58C2-41B2-BB2B-1F3F8AE3EC14}.Debug|x64.ActiveCfg = Debug|x64
		{4A6647C7-58C2-41B2-BB2B-1F3F8AE3EC14}.Debug|x64.Build.0 = Debug|x64
		{4A6647C7-58C2-41B2-BB2B-1F3F8AE3EC14}.Debug|x86.ActiveCfg = Debug|Win32
		{4A6647C7-58C2-41B2-BB2B-1F3F8AE3EC14}.Debug|x86.Build.0 = Debug|Win32
		{4A6647C7-58C2-41B2-BB2B-1F3F8AE3EC14}.Release|x64.ActiveCfg = Release|x64
		{4A6647C7-58C2-41B2-BB2B-1F3F8AE3EC14}.Release|x64.Build.0 = Release|x64
		{4A6647C7-58C2-41B2-BB2B-1F3F8AE3EC14}.Release|x86.ActiveCfg = Release|Win32
		{4A6647C7-58C2-41B2-BB2B-1F3F8AE3EC14}.Release|x86.Build.0 = Release|Win32
		{E20F1F12-5DEE-4BD0-BF16-175613978371}.Debug|x64.ActiveCfg = Debug|x64
		{E20F1F12-5DEE-4BD0-BF16-175613978371}.Debug|x64.Build.0 = Debug|x64
		{E20F1F12-5DEE-4BD0-BF16-175613978371}.Debug|x86.ActiveCfg = Debug|Win32
		{E20F1F12-5DEE-4BD0-BF16-175613978371}.Debug|x86.Build.0 = Debug|Win32
		{E20F1F12-5DEE-4BD0-BF16-175613978371}.Release|x64.ActiveCfg = Release|x64
		{E20F1F12-5DEE-4BD0-BF16-175613978371}.Release|x64.Build.0 = Release|x64
		{E20F1F12-5DEE-4BD0-BF16-175613978371}.Release|x86.ActiveCfg = Release|Win32
		{E20F1F12-5DEE-4BD0-BF16-175613978371}.Release|x86.Build.0 = Release|Win32
		{29F49C20-5016-4195-9D6B-43B76267233B}.Debug|x64.ActiveCfg = Debug|x64
		{29F49C20-5016-4195-9D6B-43B76267233B}.Debug|x64.Build.0 = Debug|x64
		{29F49C20-5016-4195-9D6B-43B76267233B}.Debug|x86.ActiveCfg = Debug|Win32
		{29F49C20-5016-4195-9D6B-43B76267233B}.Debug|x86.Build.0 = Debug|Win32
		{29F49C20-5016-4195-9D6B-43B76267233B}.Release|x64.ActiveCfg = Release|x64
		{29F49C20-5016-4195-9D6B-43B76267233B}.Release|x64.Build.0 = Release|x64
		{29F49C20-5016-4195-9D6B-43B76267233B}.Release|x86.ActiveCfg = Release|Win32
		{29F49C20-5016-4195-9D6B-43B76267233B}.Release|x86.Build.0 = Release|Win32
		{5CF9479A-0F18-46E0-A902-6DA9DCB403B4}.Debug|x64.ActiveCfg = Debug|x64
		{5CF9479A-0F18-46E0-A902-6DA9DCB403B4}.Debug|x64.Build.0 = Debug|x64
		{5CF9479A-0F18-46E0-A902-6DA9DCB403B4}.Debug|x86.ActiveCfg = Debug|Win32
		{5CF9479A-0F18-46E0-A902-6DA9DCB403B4}.Debug|x86.Build.0 = Debug|Win32
		{5CF9479A-0F18-46E0-A902-6DA9DCB403B4}.Release|x64.ActiveCfg = Release|x64
		{5CF9479A-0F18-46E0-A902-6DA9DCB403B4}.Release|x64.Build.0 = Release|x64
		{5CF9479A-0F18-46E0-A902-6DA9DCB403B4}.Release|x86.ActiveCfg = Release|Win32
		{5CF9479A-0F18-46E0-A902-6DA9DCB403B4}.Release|x86.Build.0 = Release|Win32
		{1F8AD659-3B79-44AE-9B47-816D7A1F1137}.Debug|x64.ActiveCfg = Debug|x64
		{1F8AD659-3B79-44AE-9B47-816D7A1F1137}.Debug|x64.Build.0 = Debug|x64
		{1F8AD659-3B79-44AE-9B47-816D7A1F1137}.Debug|x86.ActiveCfg = Debug|Win32
		{1F8AD659-3B79-44AE-9B47-816D7A1F1137}.Debug|x86.Build.0 = Debug|Win32
		{1F8AD659-3B79-44AE-9B47-816D7A1F1137}.Release|x64.ActiveCfg = Release|x64
		{1F8AD659-3B79-44AE-9B47-816D7A1F1137}.Release|x64.Build.0 = Release|x64
		{1F8AD659-3B79-44AE-9B47-816D7A1F1137}.Release|x86.ActiveCfg = Release|Win32
		{1F8AD659-3B79-44AE-9B47-816D7A1F1137}.Release|x86.Build.0 = Release|Win32
		{48A7D967-6B18-4B7C-B03C-9DE58F1072FF}.Debug|x64.ActiveCfg = Debug|x64
		{48A7D967-6B18-4B7C-B03C-9DE58F1072FF}.Debug|x64.Build.0 = Debug|x64
		{48A7D967-6B18-4B7C-B03C-9DE58F1072FF}.Debug|x86.ActiveCfg = Debug|Win32
		{48A7D967-6B18-4B7C-B03C-9DE58F1072FF}.Debug|x86.Build.0 = Debug|Win32
		{48A7D967-6B18-4B7C-B03C-9DE58F1072FF}.Release|x64.ActiveCfg = Release|x64
		{48A7D967-6B18-4B7C-B03C-9DE58F1072FF}.Release|x64.Build.0 = Release|x64
		{48A7D967-6B18-4B7C-B03C-9DE58F1072FF}.Release|x86.ActiveCfg = Release|Win32
		{48A7D967-6B18-4B7C-B03C-9DE58F1072FF}.Release|x86.Build.0 = Release|Win32
		{8F202A1A-6E1E-44FC-B5DD-4546B86617DD}.Debug|x64.ActiveCfg = Debug|x64
		{8F202A1A-6E1E-44FC-B5DD-4546B86617DD}.Debug|x64.Build.0 = Debug|x64
		{8F202A1A-6E1E-44FC-B5DD-4546B86617DD}.Debug|x86.ActiveCfg = Debug|Win32
		{8F202A1A-6E1E-44FC-B5DD-4546B86617DD}.Debug|x86.Build.0 = Debug|Win32
		{8F202A1A-6E1E-44FC-B5DD-4546B86617DD}.Release|x64.ActiveCfg = Release|x64
		{8F202A1A-6E1E-44FC-B5DD-4546B86617DD}.Release|x64.Build.0 = Release|x64
		{8F202A1A-6E1E-44FC-B5DD-4546B86617DD}.Release|x86.ActiveCfg = Release|Win32
		{8F202A1A-6E1E-44FC-B5DD-4546B86617DD}.Release|x86.Build.0 = Release|Win32
		{D4C735E6-6E71-4238-A9FE-4E22EEF95536}.Debug|x64.ActiveCfg = Debug|x64
		{D4C735E6-6E71-4238-A9FE-4E22EEF95536}.Debug|x64.Build.0 = Debug|x64
		{D4C735E6-6E71-4238-A9FE-4E22EEF95536}.Debug|x86.ActiveCfg = Debug|Win32
		{D4C735E6-6E71-4238-A9FE-4E22EEF95536}.Debug|x86.Build.0 = Debug|Win32
		{D4C735E6-6E71-4238-A9FE-4E22EEF95536}.Release|x64.ActiveCfg = Release|x64
		{D4C735E6-6E71-4238-A9FE-4E22EEF95536}.Release|x64.Build.0 = Release|x64
		{D4C735E6-6E71-4238-A9FE-4E22EEF95536}.Release|x86.ActiveCfg = Release|Win32
		{D4C735E6-6E71-4238-A9FE-4E22EEF95536}.Release|x86.Build.0 = Release|Win32
	EndGlobalSection
	GlobalSection(SolutionProperties) = preSolution
		HideSolutionNode = FALSE
	EndGlobalSection
EndGlobal
